
Microsoft Visual Studio Solution File, Format Version 12.00
# Visual Studio Version 17
VisualStudioVersion = 17.11.35312.102
MinimumVisualStudioVersion = 10.0.40219.1
Project("{FAE04EC0-301F-11D3-BF4B-00C04F79EFBC}") = "project-context-descriptor", "project-context-descriptor\project-context-descriptor.csproj", "{96D4865A-292F-4F39-A8FD-6CF004F388C9}"
EndProject
Global
	GlobalSection(SolutionConfigurationPlatforms) = preSolution
		Debug|Any CPU = Debug|Any CPU
		Release|Any CPU = Release|Any CPU
	EndGlobalSection
	GlobalSection(ProjectConfigurationPlatforms) = postSolution
		{96D4865A-292F-4F39-A8FD-6CF004F388C9}.Debug|Any CPU.ActiveCfg = Debug|Any CPU
		{96D4865A-292F-4F39-A8FD-6CF004F388C9}.Debug|Any CPU.Build.0 = Debug|Any CPU
		{96D4865A-292F-4F39-A8FD-6CF004F388C9}.Release|Any CPU.ActiveCfg = Release|Any CPU
		{96D4865A-292F-4F39-A8FD-6CF004F388C9}.Release|Any CPU.Build.0 = Release|Any CPU
	EndGlobalSection
	GlobalSection(SolutionProperties) = preSolution
		HideSolutionNode = FALSE
	EndGlobalSection
	GlobalSection(ExtensibilityGlobals) = postSolution
		SolutionGuid = {49E37ADB-6E9C-4B95-B8C4-A98D2AC23BC8}
	EndGlobalSection
EndGlobal
