
Microsoft Visual Studio Solution File, Format Version 12.00
# Visual Studio Version 18
VisualStudioVersion = 18.5.11716.220 stable
MinimumVisualStudioVersion = 10.0.40219.1
Project("{FAE04EC0-301F-11D3-BF4B-00C04F79EFBC}") = "Presentation", "src\Presentation\Presentation.csproj", "{9459C3A3-9BD7-48CF-A934-1BB80A4C598A}"
EndProject
Project("{2150E333-8FDC-42A3-9474-1A3956D46DE8}") = "src", "src", "{2B40AEA3-4051-41A3-965C-33E194955984}"
EndProject
Project("{2150E333-8FDC-42A3-9474-1A3956D46DE8}") = "tests", "tests", "{23797204-7F72-47E6-A210-B531B47F7C20}"
EndProject
Project("{FAE04EC0-301F-11D3-BF4B-00C04F79EFBC}") = "Schiza.Tests", "tests\Schiza.Tests\Schiza.Tests.csproj", "{0BA52EC4-23F9-472E-944A-5056BDBA99AE}"
EndProject
Project("{2150E333-8FDC-42A3-9474-1A3956D46DE8}") = "other", "other", "{59E7BBD3-1C9A-4E17-82BE-0AF6D665EA16}"
	ProjectSection(SolutionItems) = preProject
		README.md = README.md
	EndProjectSection
EndProject
Project("{FAE04EC0-301F-11D3-BF4B-00C04F79EFBC}") = "Domain", "src\Domain\Domain.csproj", "{37935D6D-8475-4B02-BA77-0669C783E8EA}"
EndProject
Project("{FAE04EC0-301F-11D3-BF4B-00C04F79EFBC}") = "Application", "src\Application\Application.csproj", "{08CEE85E-4DEB-4F16-BC7C-4D3B80E13C2D}"
EndProject
Project("{FAE04EC0-301F-11D3-BF4B-00C04F79EFBC}") = "Infrastructure", "src\Infrastructure\Infrastructure.csproj", "{2E14C41C-C32E-4F83-B160-444D2D105B5F}"
EndProject
Global
	GlobalSection(SolutionConfigurationPlatforms) = preSolution
		Debug|Any CPU = Debug|Any CPU
		Release|Any CPU = Release|Any CPU
	EndGlobalSection
	GlobalSection(ProjectConfigurationPlatforms) = postSolution
		{9459C3A3-9BD7-48CF-A934-1BB80A4C598A}.Debug|Any CPU.ActiveCfg = Debug|Any CPU
		{9459C3A3-9BD7-48CF-A934-1BB80A4C598A}.Debug|Any CPU.Build.0 = Debug|Any CPU
		{9459C3A3-9BD7-48CF-A934-1BB80A4C598A}.Release|Any CPU.ActiveCfg = Release|Any CPU
		{9459C3A3-9BD7-48CF-A934-1BB80A4C598A}.Release|Any CPU.Build.0 = Release|Any CPU
		{0BA52EC4-23F9-472E-944A-5056BDBA99AE}.Debug|Any CPU.ActiveCfg = Debug|Any CPU
		{0BA52EC4-23F9-472E-944A-5056BDBA99AE}.Debug|Any CPU.Build.0 = Debug|Any CPU
		{0BA52EC4-23F9-472E-944A-5056BDBA99AE}.Release|Any CPU.ActiveCfg = Release|Any CPU
		{0BA52EC4-23F9-472E-944A-5056BDBA99AE}.Release|Any CPU.Build.0 = Release|Any CPU
		{37935D6D-8475-4B02-BA77-0669C783E8EA}.Debug|Any CPU.ActiveCfg = Debug|Any CPU
		{37935D6D-8475-4B02-BA77-0669C783E8EA}.Debug|Any CPU.Build.0 = Debug|Any CPU
		{37935D6D-8475-4B02-BA77-0669C783E8EA}.Release|Any CPU.ActiveCfg = Release|Any CPU
		{37935D6D-8475-4B02-BA77-0669C783E8EA}.Release|Any CPU.Build.0 = Release|Any CPU
		{08CEE85E-4DEB-4F16-BC7C-4D3B80E13C2D}.Debug|Any CPU.ActiveCfg = Debug|Any CPU
		{08CEE85E-4DEB-4F16-BC7C-4D3B80E13C2D}.Debug|Any CPU.Build.0 = Debug|Any CPU
		{08CEE85E-4DEB-4F16-BC7C-4D3B80E13C2D}.Release|Any CPU.ActiveCfg = Release|Any CPU
		{08CEE85E-4DEB-4F16-BC7C-4D3B80E13C2D}.Release|Any CPU.Build.0 = Release|Any CPU
		{2E14C41C-C32E-4F83-B160-444D2D105B5F}.Debug|Any CPU.ActiveCfg = Debug|Any CPU
		{2E14C41C-C32E-4F83-B160-444D2D105B5F}.Debug|Any CPU.Build.0 = Debug|Any CPU
		{2E14C41C-C32E-4F83-B160-444D2D105B5F}.Release|Any CPU.ActiveCfg = Release|Any CPU
		{2E14C41C-C32E-4F83-B160-444D2D105B5F}.Release|Any CPU.Build.0 = Release|Any CPU
	EndGlobalSection
	GlobalSection(SolutionProperties) = preSolution
		HideSolutionNode = FALSE
	EndGlobalSection
	GlobalSection(NestedProjects) = preSolution
		{9459C3A3-9BD7-48CF-A934-1BB80A4C598A} = {2B40AEA3-4051-41A3-965C-33E194955984}
		{0BA52EC4-23F9-472E-944A-5056BDBA99AE} = {23797204-7F72-47E6-A210-B531B47F7C20}
		{37935D6D-8475-4B02-BA77-0669C783E8EA} = {2B40AEA3-4051-41A3-965C-33E194955984}
		{08CEE85E-4DEB-4F16-BC7C-4D3B80E13C2D} = {2B40AEA3-4051-41A3-965C-33E194955984}
		{2E14C41C-C32E-4F83-B160-444D2D105B5F} = {2B40AEA3-4051-41A3-965C-33E194955984}
	EndGlobalSection
	GlobalSection(ExtensibilityGlobals) = postSolution
		SolutionGuid = {A0A10D75-8AD8-4F93-8535-FECC6DDBE515}
	EndGlobalSection
EndGlobal
